
Microsoft Visual Studio Solution File, Format Version 12.00
# Visual Studio Version 16
VisualStudioVersion = 16.0.30406.217
MinimumVisualStudioVersion = 10.0.40219.1
Project("{FAE04EC0-301F-11D3-BF4B-00C04F79EFBC}") = "2Simple-Keylogger", "2Simple-Keylogger\2Simple-Keylogger.csproj", "{BA6EC3BC-5389-434E-9C3A-7947254E8AA8}"
EndProject
Global
	GlobalSection(SolutionConfigurationPlatforms) = preSolution
		Debug|Any CPU = Debug|Any CPU
		Release|Any CPU = Release|Any CPU
	EndGlobalSection
	GlobalSection(ProjectConfigurationPlatforms) = postSolution
		{BA6EC3BC-5389-434E-9C3A-7947254E8AA8}.Debug|Any CPU.ActiveCfg = Debug|Any CPU
		{BA6EC3BC-5389-434E-9C3A-7947254E8AA8}.Debug|Any CPU.Build.0 = Debug|Any CPU
		{BA6EC3BC-5389-434E-9C3A-7947254E8AA8}.Release|Any CPU.ActiveCfg = Release|Any CPU
		{BA6EC3BC-5389-434E-9C3A-7947254E8AA8}.Release|Any CPU.Build.0 = Release|Any CPU
	EndGlobalSection
	GlobalSection(SolutionProperties) = preSolution
		HideSolutionNode = FALSE
	EndGlobalSection
	GlobalSection(ExtensibilityGlobals) = postSolution
		SolutionGuid = {04BBB81D-A90C-4CAE-B2CC-EC2D5E556942}
	EndGlobalSection
EndGlobal
